
Microsoft Visual Studio Solution File, Format Version 12.00
# Visual Studio Version 17
VisualStudioVersion = 17.1.32421.90
MinimumVisualStudioVersion = 10.0.40219.1
Project("{9A19103F-16F7-4668-BE54-9A1E7A4F7556}") = "advancedCalculator", "advancedCalculator.csproj", "{60E403E9-0EBF-4EA2-BF6B-7952574CC1A1}"
EndProject
Project("{54435603-DBB4-11D2-8724-00A0C9A8B90C}") = "Advanced Calculator", "..\Advanced Calculator\Advanced Calculator.vdproj", "{B717D63F-D31D-455E-8E0E-1376C8660FF4}"
EndProject
Global
	GlobalSection(SolutionConfigurationPlatforms) = preSolution
		Debug|Any CPU = Debug|Any CPU
		Release|Any CPU = Release|Any CPU
	EndGlobalSection
	GlobalSection(ProjectConfigurationPlatforms) = postSolution
		{60E403E9-0EBF-4EA2-BF6B-7952574CC1A1}.Debug|Any CPU.ActiveCfg = Release|Any CPU
		{60E403E9-0EBF-4EA2-BF6B-7952574CC1A1}.Debug|Any CPU.Build.0 = Release|Any CPU
		{60E403E9-0EBF-4EA2-BF6B-7952574CC1A1}.Release|Any CPU.ActiveCfg = Release|Any CPU
		{60E403E9-0EBF-4EA2-BF6B-7952574CC1A1}.Release|Any CPU.Build.0 = Release|Any CPU
		{B717D63F-D31D-455E-8E0E-1376C8660FF4}.Debug|Any CPU.ActiveCfg = Debug
		{B717D63F-D31D-455E-8E0E-1376C8660FF4}.Release|Any CPU.ActiveCfg = Release
		{B717D63F-D31D-455E-8E0E-1376C8660FF4}.Release|Any CPU.Build.0 = Release
	EndGlobalSection
	GlobalSection(SolutionProperties) = preSolution
		HideSolutionNode = FALSE
	EndGlobalSection
	GlobalSection(ExtensibilityGlobals) = postSolution
		SolutionGuid = {105C42FB-42B3-458A-8E60-B3F86C4B3CBF}
	EndGlobalSection
EndGlobal
